{
  "name": "Web-labs",
  "version": "1.0.0",
  "lockfileVersion": 2,
  "requires": true,
  "packages": {
    "": {
      "name": "Web-labs",
      "version": "1.0.0",
      "devDependencies": {
        "fish-text": "^2.0.1"
      }
    },
    "node_modules/fish-text": {
      "version": "2.0.1",
      "resolved": "https://registry.npmjs.org/fish-text/-/fish-text-2.0.1.tgz",
      "integrity": "sha512-3Kg8MC4w7oxV5UfBGPkAd+e4uPy05hXBCabscX8UTBi+ooEJlghx/wPwbXfDDf9qPO5TSmPpJbI3QI4mhU6HsQ==",
      "dev": true
    }
  },
  "dependencies": {
    "fish-text": {
      "version": "2.0.1",
      "resolved": "https://registry.npmjs.org/fish-text/-/fish-text-2.0.1.tgz",
      "integrity": "sha512-3Kg8MC4w7oxV5UfBGPkAd+e4uPy05hXBCabscX8UTBi+ooEJlghx/wPwbXfDDf9qPO5TSmPpJbI3QI4mhU6HsQ==",
      "dev": true
    }
  }
}
